
Microsoft Visual Studio Solution File, Format Version 12.00
# Visual Studio Version 17
VisualStudioVersion = 17.1.32319.34
MinimumVisualStudioVersion = 10.0.40219.1
Project("{FAE04EC0-301F-11D3-BF4B-00C04F79EFBC}") = "csharp_iniciantes", "csharp_iniciantes.csproj", "{A2EA4EFD-E54F-4192-A5F1-12A523F75713}"
EndProject
Global
	GlobalSection(SolutionConfigurationPlatforms) = preSolution
		Debug|Any CPU = Debug|Any CPU
		Release|Any CPU = Release|Any CPU
	EndGlobalSection
	GlobalSection(ProjectConfigurationPlatforms) = postSolution
		{A2EA4EFD-E54F-4192-A5F1-12A523F75713}.Debug|Any CPU.ActiveCfg = Debug|Any CPU
		{A2EA4EFD-E54F-4192-A5F1-12A523F75713}.Debug|Any CPU.Build.0 = Debug|Any CPU
		{A2EA4EFD-E54F-4192-A5F1-12A523F75713}.Release|Any CPU.ActiveCfg = Release|Any CPU
		{A2EA4EFD-E54F-4192-A5F1-12A523F75713}.Release|Any CPU.Build.0 = Release|Any CPU
	EndGlobalSection
	GlobalSection(SolutionProperties) = preSolution
		HideSolutionNode = FALSE
	EndGlobalSection
	GlobalSection(ExtensibilityGlobals) = postSolution
		SolutionGuid = {EC9E8823-82EA-4B2C-A914-4C28E8A485C5}
	EndGlobalSection
EndGlobal
